
Microsoft Visual Studio Solution File, Format Version 12.00
# Visual Studio Version 17
VisualStudioVersion = 17.12.35527.113
MinimumVisualStudioVersion = 10.0.40219.1
Project("{FAE04EC0-301F-11D3-BF4B-00C04F79EFBC}") = "PlanWiseBackend", "PlanWiseBackend\PlanWiseBackend.csproj", "{3D82F75E-83C1-484E-B88D-E421FBA32327}"
EndProject
Project("{FAE04EC0-301F-11D3-BF4B-00C04F79EFBC}") = "Controllers", "Controllers\Controllers.csproj", "{3B50CB15-5505-4AE9-A436-6CC8882EE477}"
EndProject
Project("{FAE04EC0-301F-11D3-BF4B-00C04F79EFBC}") = "Entities", "Entities\Entities.csproj", "{40620020-9E03-4F77-94E5-6A5B30FBA6C1}"
EndProject
Project("{FAE04EC0-301F-11D3-BF4B-00C04F79EFBC}") = "Service", "Service\Service.csproj", "{4A4C7175-AE7A-485E-ABE3-97E2F77452C9}"
EndProject
Project("{FAE04EC0-301F-11D3-BF4B-00C04F79EFBC}") = "IService", "IService\IService.csproj", "{BFFF3B9C-E80C-48CB-A6EB-3F98E04369D8}"
EndProject
Project("{FAE04EC0-301F-11D3-BF4B-00C04F79EFBC}") = "IRepository", "IRepository\IRepository.csproj", "{C35F6A9B-52BE-4A81-ACAA-F306787E24AE}"
EndProject
Project("{FAE04EC0-301F-11D3-BF4B-00C04F79EFBC}") = "Repository", "Repository\Repository.csproj", "{E5630C55-6BBD-4D23-8052-8B92508021FA}"
EndProject
Project("{FAE04EC0-301F-11D3-BF4B-00C04F79EFBC}") = "Shared", "Shared\Shared.csproj", "{B4E8D831-8159-4492-8CA6-04E711B0BED7}"
EndProject
Project("{FAE04EC0-301F-11D3-BF4B-00C04F79EFBC}") = "UnitTest", "UnitTest\UnitTest.csproj", "{CE115506-52B6-46A8-9CB0-A6C14392D87B}"
EndProject
Global
	GlobalSection(SolutionConfigurationPlatforms) = preSolution
		Debug|Any CPU = Debug|Any CPU
		Debug|x64 = Debug|x64
		Debug|x86 = Debug|x86
		Release|Any CPU = Release|Any CPU
		Release|x64 = Release|x64
		Release|x86 = Release|x86
	EndGlobalSection
	GlobalSection(ProjectConfigurationPlatforms) = postSolution
		{3D82F75E-83C1-484E-B88D-E421FBA32327}.Debug|Any CPU.ActiveCfg = Debug|Any CPU
		{3D82F75E-83C1-484E-B88D-E421FBA32327}.Debug|Any CPU.Build.0 = Debug|Any CPU
		{3D82F75E-83C1-484E-B88D-E421FBA32327}.Debug|x64.ActiveCfg = Debug|Any CPU
		{3D82F75E-83C1-484E-B88D-E421FBA32327}.Debug|x64.Build.0 = Debug|Any CPU
		{3D82F75E-83C1-484E-B88D-E421FBA32327}.Debug|x86.ActiveCfg = Debug|Any CPU
		{3D82F75E-83C1-484E-B88D-E421FBA32327}.Debug|x86.Build.0 = Debug|Any CPU
		{3D82F75E-83C1-484E-B88D-E421FBA32327}.Release|Any CPU.ActiveCfg = Release|Any CPU
		{3D82F75E-83C1-484E-B88D-E421FBA32327}.Release|Any CPU.Build.0 = Release|Any CPU
		{3D82F75E-83C1-484E-B88D-E421FBA32327}.Release|x64.ActiveCfg = Release|Any CPU
		{3D82F75E-83C1-484E-B88D-E421FBA32327}.Release|x64.Build.0 = Release|Any CPU
		{3D82F75E-83C1-484E-B88D-E421FBA32327}.Release|x86.ActiveCfg = Release|Any CPU
		{3D82F75E-83C1-484E-B88D-E421FBA32327}.Release|x86.Build.0 = Release|Any CPU
		{3B50CB15-5505-4AE9-A436-6CC8882EE477}.Debug|Any CPU.ActiveCfg = Debug|Any CPU
		{3B50CB15-5505-4AE9-A436-6CC8882EE477}.Debug|Any CPU.Build.0 = Debug|Any CPU
		{3B50CB15-5505-4AE9-A436-6CC8882EE477}.Debug|x64.ActiveCfg = Debug|Any CPU
		{3B50CB15-5505-4AE9-A436-6CC8882EE477}.Debug|x64.Build.0 = Debug|Any CPU
		{3B50CB15-5505-4AE9-A436-6CC8882EE477}.Debug|x86.ActiveCfg = Debug|Any CPU
		{3B50CB15-5505-4AE9-A436-6CC8882EE477}.Debug|x86.Build.0 = Debug|Any CPU
		{3B50CB15-5505-4AE9-A436-6CC8882EE477}.Release|Any CPU.ActiveCfg = Release|Any CPU
		{3B50CB15-5505-4AE9-A436-6CC8882EE477}.Release|Any CPU.Build.0 = Release|Any CPU
		{3B50CB15-5505-4AE9-A436-6CC8882EE477}.Release|x64.ActiveCfg = Release|Any CPU
		{3B50CB15-5505-4AE9-A436-6CC8882EE477}.Release|x64.Build.0 = Release|Any CPU
		{3B50CB15-5505-4AE9-A436-6CC8882EE477}.Release|x86.ActiveCfg = Release|Any CPU
		{3B50CB15-5505-4AE9-A436-6CC8882EE477}.Release|x86.Build.0 = Release|Any CPU
		{40620020-9E03-4F77-94E5-6A5B30FBA6C1}.Debug|Any CPU.ActiveCfg = Debug|Any CPU
		{40620020-9E03-4F77-94E5-6A5B30FBA6C1}.Debug|Any CPU.Build.0 = Debug|Any CPU
		{40620020-9E03-4F77-94E5-6A5B30FBA6C1}.Debug|x64.ActiveCfg = Debug|Any CPU
		{40620020-9E03-4F77-94E5-6A5B30FBA6C1}.Debug|x64.Build.0 = Debug|Any CPU
		{40620020-9E03-4F77-94E5-6A5B30FBA6C1}.Debug|x86.ActiveCfg = Debug|Any CPU
		{40620020-9E03-4F77-94E5-6A5B30FBA6C1}.Debug|x86.Build.0 = Debug|Any CPU
		{40620020-9E03-4F77-94E5-6A5B30FBA6C1}.Release|Any CPU.ActiveCfg = Release|Any CPU
		{40620020-9E03-4F77-94E5-6A5B30FBA6C1}.Release|Any CPU.Build.0 = Release|Any CPU
		{40620020-9E03-4F77-94E5-6A5B30FBA6C1}.Release|x64.ActiveCfg = Release|Any CPU
		{40620020-9E03-4F77-94E5-6A5B30FBA6C1}.Release|x64.Build.0 = Release|Any CPU
		{40620020-9E03-4F77-94E5-6A5B30FBA6C1}.Release|x86.ActiveCfg = Release|Any CPU
		{40620020-9E03-4F77-94E5-6A5B30FBA6C1}.Release|x86.Build.0 = Release|Any CPU
		{4A4C7175-AE7A-485E-ABE3-97E2F77452C9}.Debug|Any CPU.ActiveCfg = Debug|Any CPU
		{4A4C7175-AE7A-485E-ABE3-97E2F77452C9}.Debug|Any CPU.Build.0 = Debug|Any CPU
		{4A4C7175-AE7A-485E-ABE3-97E2F77452C9}.Debug|x64.ActiveCfg = Debug|Any CPU
		{4A4C7175-AE7A-485E-ABE3-97E2F77452C9}.Debug|x64.Build.0 = Debug|Any CPU
		{4A4C7175-AE7A-485E-ABE3-97E2F77452C9}.Debug|x86.ActiveCfg = Debug|Any CPU
		{4A4C7175-AE7A-485E-ABE3-97E2F77452C9}.Debug|x86.Build.0 = Debug|Any CPU
		{4A4C7175-AE7A-485E-ABE3-97E2F77452C9}.Release|Any CPU.ActiveCfg = Release|Any CPU
		{4A4C7175-AE7A-485E-ABE3-97E2F77452C9}.Release|Any CPU.Build.0 = Release|Any CPU
		{4A4C7175-AE7A-485E-ABE3-97E2F77452C9}.Release|x64.ActiveCfg = Release|Any CPU
		{4A4C7175-AE7A-485E-ABE3-97E2F77452C9}.Release|x64.Build.0 = Release|Any CPU
		{4A4C7175-AE7A-485E-ABE3-97E2F77452C9}.Release|x86.ActiveCfg = Release|Any CPU
		{4A4C7175-AE7A-485E-ABE3-97E2F77452C9}.Release|x86.Build.0 = Release|Any CPU
		{BFFF3B9C-E80C-48CB-A6EB-3F98E04369D8}.Debug|Any CPU.ActiveCfg = Debug|Any CPU
		{BFFF3B9C-E80C-48CB-A6EB-3F98E04369D8}.Debug|Any CPU.Build.0 = Debug|Any CPU
		{BFFF3B9C-E80C-48CB-A6EB-3F98E04369D8}.Debug|x64.ActiveCfg = Debug|Any CPU
		{BFFF3B9C-E80C-48CB-A6EB-3F98E04369D8}.Debug|x64.Build.0 = Debug|Any CPU
		{BFFF3B9C-E80C-48CB-A6EB-3F98E04369D8}.Debug|x86.ActiveCfg = Debug|Any CPU
		{BFFF3B9C-E80C-48CB-A6EB-3F98E04369D8}.Debug|x86.Build.0 = Debug|Any CPU
		{BFFF3B9C-E80C-48CB-A6EB-3F98E04369D8}.Release|Any CPU.ActiveCfg = Release|Any CPU
		{BFFF3B9C-E80C-48CB-A6EB-3F98E04369D8}.Release|Any CPU.Build.0 = Release|Any CPU
		{BFFF3B9C-E80C-48CB-A6EB-3F98E04369D8}.Release|x64.ActiveCfg = Release|Any CPU
		{BFFF3B9C-E80C-48CB-A6EB-3F98E04369D8}.Release|x64.Build.0 = Release|Any CPU
		{BFFF3B9C-E80C-48CB-A6EB-3F98E04369D8}.Release|x86.ActiveCfg = Release|Any CPU
		{BFFF3B9C-E80C-48CB-A6EB-3F98E04369D8}.Release|x86.Build.0 = Release|Any CPU
		{C35F6A9B-52BE-4A81-ACAA-F306787E24AE}.Debug|Any CPU.ActiveCfg = Debug|Any CPU
		{C35F6A9B-52BE-4A81-ACAA-F306787E24AE}.Debug|Any CPU.Build.0 = Debug|Any CPU
		{C35F6A9B-52BE-4A81-ACAA-F306787E24AE}.Debug|x64.ActiveCfg = Debug|Any CPU
		{C35F6A9B-52BE-4A81-ACAA-F306787E24AE}.Debug|x64.Build.0 = Debug|Any CPU
		{C35F6A9B-52BE-4A81-ACAA-F306787E24AE}.Debug|x86.ActiveCfg = Debug|Any CPU
		{C35F6A9B-52BE-4A81-ACAA-F306787E24AE}.Debug|x86.Build.0 = Debug|Any CPU
		{C35F6A9B-52BE-4A81-ACAA-F306787E24AE}.Release|Any CPU.ActiveCfg = Release|Any CPU
		{C35F6A9B-52BE-4A81-ACAA-F306787E24AE}.Release|Any CPU.Build.0 = Release|Any CPU
		{C35F6A9B-52BE-4A81-ACAA-F306787E24AE}.Release|x64.ActiveCfg = Release|Any CPU
		{C35F6A9B-52BE-4A81-ACAA-F306787E24AE}.Release|x64.Build.0 = Release|Any CPU
		{C35F6A9B-52BE-4A81-ACAA-F306787E24AE}.Release|x86.ActiveCfg = Release|Any CPU
		{C35F6A9B-52BE-4A81-ACAA-F306787E24AE}.Release|x86.Build.0 = Release|Any CPU
		{E5630C55-6BBD-4D23-8052-8B92508021FA}.Debug|Any CPU.ActiveCfg = Debug|Any CPU
		{E5630C55-6BBD-4D23-8052-8B92508021FA}.Debug|Any CPU.Build.0 = Debug|Any CPU
		{E5630C55-6BBD-4D23-8052-8B92508021FA}.Debug|x64.ActiveCfg = Debug|Any CPU
		{E5630C55-6BBD-4D23-8052-8B92508021FA}.Debug|x64.Build.0 = Debug|Any CPU
		{E5630C55-6BBD-4D23-8052-8B92508021FA}.Debug|x86.ActiveCfg = Debug|Any CPU
		{E5630C55-6BBD-4D23-8052-8B92508021FA}.Debug|x86.Build.0 = Debug|Any CPU
		{E5630C55-6BBD-4D23-8052-8B92508021FA}.Release|Any CPU.ActiveCfg = Release|Any CPU
		{E5630C55-6BBD-4D23-8052-8B92508021FA}.Release|Any CPU.Build.0 = Release|Any CPU
		{E5630C55-6BBD-4D23-8052-8B92508021FA}.Release|x64.ActiveCfg = Release|Any CPU
		{E5630C55-6BBD-4D23-8052-8B92508021FA}.Release|x64.Build.0 = Release|Any CPU
		{E5630C55-6BBD-4D23-8052-8B92508021FA}.Release|x86.ActiveCfg = Release|Any CPU
		{E5630C55-6BBD-4D23-8052-8B92508021FA}.Release|x86.Build.0 = Release|Any CPU
		{B4E8D831-8159-4492-8CA6-04E711B0BED7}.Debug|Any CPU.ActiveCfg = Debug|Any CPU
		{B4E8D831-8159-4492-8CA6-04E711B0BED7}.Debug|Any CPU.Build.0 = Debug|Any CPU
		{B4E8D831-8159-4492-8CA6-04E711B0BED7}.Debug|x64.ActiveCfg = Debug|Any CPU
		{B4E8D831-8159-4492-8CA6-04E711B0BED7}.Debug|x64.Build.0 = Debug|Any CPU
		{B4E8D831-8159-4492-8CA6-04E711B0BED7}.Debug|x86.ActiveCfg = Debug|Any CPU
		{B4E8D831-8159-4492-8CA6-04E711B0BED7}.Debug|x86.Build.0 = Debug|Any CPU
		{B4E8D831-8159-4492-8CA6-04E711B0BED7}.Release|Any CPU.ActiveCfg = Release|Any CPU
		{B4E8D831-8159-4492-8CA6-04E711B0BED7}.Release|Any CPU.Build.0 = Release|Any CPU
		{B4E8D831-8159-4492-8CA6-04E711B0BED7}.Release|x64.ActiveCfg = Release|Any CPU
		{B4E8D831-8159-4492-8CA6-04E711B0BED7}.Release|x64.Build.0 = Release|Any CPU
		{B4E8D831-8159-4492-8CA6-04E711B0BED7}.Release|x86.ActiveCfg = Release|Any CPU
		{B4E8D831-8159-4492-8CA6-04E711B0BED7}.Release|x86.Build.0 = Release|Any CPU
		{CE115506-52B6-46A8-9CB0-A6C14392D87B}.Debug|Any CPU.ActiveCfg = Debug|Any CPU
		{CE115506-52B6-46A8-9CB0-A6C14392D87B}.Debug|Any CPU.Build.0 = Debug|Any CPU
		{CE115506-52B6-46A8-9CB0-A6C14392D87B}.Debug|x64.ActiveCfg = Debug|Any CPU
		{CE115506-52B6-46A8-9CB0-A6C14392D87B}.Debug|x64.Build.0 = Debug|Any CPU
		{CE115506-52B6-46A8-9CB0-A6C14392D87B}.Debug|x86.ActiveCfg = Debug|Any CPU
		{CE115506-52B6-46A8-9CB0-A6C14392D87B}.Debug|x86.Build.0 = Debug|Any CPU
		{CE115506-52B6-46A8-9CB0-A6C14392D87B}.Release|Any CPU.ActiveCfg = Release|Any CPU
		{CE115506-52B6-46A8-9CB0-A6C14392D87B}.Release|Any CPU.Build.0 = Release|Any CPU
		{CE115506-52B6-46A8-9CB0-A6C14392D87B}.Release|x64.ActiveCfg = Release|Any CPU
		{CE115506-52B6-46A8-9CB0-A6C14392D87B}.Release|x64.Build.0 = Release|Any CPU
		{CE115506-52B6-46A8-9CB0-A6C14392D87B}.Release|x86.ActiveCfg = Release|Any CPU
		{CE115506-52B6-46A8-9CB0-A6C14392D87B}.Release|x86.Build.0 = Release|Any CPU
	EndGlobalSection
	GlobalSection(SolutionProperties) = preSolution
		HideSolutionNode = FALSE
	EndGlobalSection
EndGlobal
